
Microsoft Visual Studio Solution File, Format Version 12.00
# Visual Studio Version 17
VisualStudioVersion = 17.11.35303.130
MinimumVisualStudioVersion = 10.0.40219.1
Project("{FAE04EC0-301F-11D3-BF4B-00C04F79EFBC}") = "ISDS309_Fa24_S03_Project_1", "ISDS309_Fa24_S03_Project_1\ISDS309_Fa24_S03_Project_1.csproj", "{511B7A2F-B915-4421-A50F-20D948AAC077}"
EndProject
Global
	GlobalSection(SolutionConfigurationPlatforms) = preSolution
		Debug|Any CPU = Debug|Any CPU
		Release|Any CPU = Release|Any CPU
	EndGlobalSection
	GlobalSection(ProjectConfigurationPlatforms) = postSolution
		{511B7A2F-B915-4421-A50F-20D948AAC077}.Debug|Any CPU.ActiveCfg = Debug|Any CPU
		{511B7A2F-B915-4421-A50F-20D948AAC077}.Debug|Any CPU.Build.0 = Debug|Any CPU
		{511B7A2F-B915-4421-A50F-20D948AAC077}.Release|Any CPU.ActiveCfg = Release|Any CPU
		{511B7A2F-B915-4421-A50F-20D948AAC077}.Release|Any CPU.Build.0 = Release|Any CPU
	EndGlobalSection
	GlobalSection(SolutionProperties) = preSolution
		HideSolutionNode = FALSE
	EndGlobalSection
	GlobalSection(ExtensibilityGlobals) = postSolution
		SolutionGuid = {EDF270EE-F781-482C-B23D-CC6FB01D1417}
	EndGlobalSection
EndGlobal
